// !$*UTF8*$!
{
	archiveVersion = 1;
	classes = {
	};
	objectVersion = 46;
	objects = {

/* Begin PBXBuildFile section */
		556D5B5E1CF98BD400893EDB /* AppDelegate.swift in Sources */ = {isa = PBXBuildFile; fileRef = 556D5B5D1CF98BD400893EDB /* AppDelegate.swift */; };
		556D5B601CF98BD400893EDB /* ViewController.swift in Sources */ = {isa = PBXBuildFile; fileRef = 556D5B5F1CF98BD400893EDB /* ViewController.swift */; };
		556D5B631CF98BD400893EDB /* Main.storyboard in Resources */ = {isa = PBXBuildFile; fileRef = 556D5B611CF98BD400893EDB /* Main.storyboard */; };
		556D5B651CF98BD400893EDB /* Assets.xcassets in Resources */ = {isa = PBXBuildFile; fileRef = 556D5B641CF98BD400893EDB /* Assets.xcassets */; };
		556D5B681CF98BD400893EDB /* LaunchScreen.storyboard in Resources */ = {isa = PBXBuildFile; fileRef = 556D5B661CF98BD400893EDB /* LaunchScreen.storyboard */; };
/* End PBXBuildFile section */

/* Begin PBXFileReference section */
		556D5B5A1CF98BD300893EDB /* SuperCool2.app */ = {isa = PBXFileReference; explicitFileType = wrapper.application; includeInIndex = 0; path = SuperCool2.app; sourceTree = BUILT_PRODUCTS_DIR; };
		556D5B5D1CF98BD400893EDB /* AppDelegate.swift */ = {isa = PBXFileReference; lastKnownFileType = sourcecode.swift; path = AppDelegate.swift; sourceTree = "<group>"; };
		556D5B5F1CF98BD400893EDB /* ViewController.swift */ = {isa = PBXFileReference; lastKnownFileType = sourcecode.swift; path = ViewController.swift; sourceTree = "<group>"; };
		556D5B621CF98BD400893EDB /* Base */ = {isa = PBXFileReference; lastKnownFileType = file.storyboard; name = Base; path = Base.lproj/Main.storyboard; sourceTree = "<group>"; };
		556D5B641CF98BD400893EDB /* Assets.xcassets */ = {isa = PBXFileReference; lastKnownFileType = folder.assetcatalog; path = Assets.xcassets; sourceTree = "<group>"; };
		556D5B671CF98BD400893EDB /* Base */ = {isa = PBXFileReference; lastKnownFileType = file.storyboard; name = Base; path = Base.lproj/LaunchScreen.storyboard; sourceTree = "<group>"; };
		556D5B691CF98BD400893EDB /* Info.plist */ = {isa = PBXFileReference; lastKnownFileType = text.plist.xml; path = Info.plist; sourceTree = "<group>"; };
/* End PBXFileReference section */

/* Begin PBXFrameworksBuildPhase section */
		556D5B571CF98BD300893EDB /* Frameworks */ = {
			isa = PBXFrameworksBuildPhase;
			buildActionMask = 2147483647;
			files = (
			);
			runOnlyForDeploymentPostprocessing = 0;
		};
/* End PBXFrameworksBuildPhase section */

/* Begin PBXGroup section */
		556D5B511CF98BD300893EDB = {
			isa = PBXGroup;
			children = (
				556D5B5C1CF98BD400893EDB /* SuperCool2 */,
				556D5B5B1CF98BD300893EDB /* Products */,
			);
			sourceTree = "<group>";
		};
		556D5B5B1CF98BD300893EDB /* Products */ = {
			isa = PBXGroup;
			children = (
				556D5B5A1CF98BD300893EDB /* SuperCool2.app */,
			);
			name = Products;
			sourceTree = "<group>";
		};
		556D5B5C1CF98BD400893EDB /* SuperCool2 */ = {
			isa = PBXGroup;
			children = (
				556D5B5D1CF98BD400893EDB /* AppDelegate.swift */,
				556D5B5F1CF98BD400893EDB /* ViewController.swift */,
				556D5B611CF98BD400893EDB /* Main.storyboard */,
				556D5B641CF98BD400893EDB /* Assets.xcassets */,
				556D5B661CF98BD400893EDB /* LaunchScreen.storyboard */,
				556D5B691CF98BD400893EDB /* Info.plist */,
			);
			path = SuperCool2;
			sourceTree = "<group>";
		};
/* End PBXGroup section */

/* Begin PBXNativeTarget section */
		556D5B591CF98BD300893EDB /* SuperCool2 */ = {
			isa = PBXNativeTarget;
			buildConfigurationList = 556D5B6C1CF98BD400893EDB /* Build configuration list for PBXNativeTarget "SuperCool2" */;
			buildPhases = (
				556D5B561CF98BD300893EDB /* Sources */,
				556D5B571CF98BD300893EDB /* Frameworks */,
				556D5B581CF98BD300893EDB /* Resources */,
			);
			buildRules = (
			);
			dependencies = (
			);
			name = SuperCool2;
			productName = SuperCool2;
			productReference = 556D5B5A1CF98BD300893EDB /* SuperCool2.app */;
			productType = "com.apple.product-type.application";
		};
/* End PBXNativeTarget section */

/* Begin PBXProject section */
		556D5B521CF98BD300893EDB /* Project object */ = {
			isa = PBXProject;
			attributes = {
				LastSwiftUpdateCheck = 0730;
				LastUpgradeCheck = 0730;
				ORGANIZATIONNAME = Sarkarian;
				TargetAttributes = {
					556D5B591CF98BD300893EDB = {
						CreatedOnToolsVersion = 7.3;
						DevelopmentTeam = 6KM58NR85B;
					};
				};
			};
			buildConfigurationList = 556D5B551CF98BD300893EDB /* Build configuration list for PBXProject "SuperCool2" */;
			compatibilityVersion = "Xcode 3.2";
			developmentRegion = English;
			hasScannedForEncodings = 0;
			knownRegions = (
				en,
				Base,
			);
			mainGroup = 556D5B511CF98BD300893EDB;
			productRefGroup = 556D5B5B1CF98BD300893EDB /* Products */;
			projectDirPath = "";
			projectRoot = "";
			targets = (
				556D5B591CF98BD300893EDB /* SuperCool2 */,
			);
		};
/* End PBXProject section */

/* Begin PBXResourcesBuildPhase section */
		556D5B581CF98BD300893EDB /* Resources */ = {
			isa = PBXResourcesBuildPhase;
			buildActionMask = 2147483647;
			files = (
				556D5B681CF98BD400893EDB /* LaunchScreen.storyboard in Resources */,
				556D5B651CF98BD400893EDB /* Assets.xcassets in Resources */,
				556D5B631CF98BD400893EDB /* Main.storyboard in Resources */,
			);
			runOnlyForDeploymentPostprocessing = 0;
		};
/* End PBXResourcesBuildPhase section */

/* Begin PBXSourcesBuildPhase section */
		556D5B561CF98BD300893EDB /* Sources */ = {
			isa = PBXSourcesBuildPhase;
			buildActionMask = 2147483647;
			files = (
				556D5B601CF98BD400893EDB /* ViewController.swift in Sources */,
				556D5B5E1CF98BD400893EDB /* AppDelegate.swift in Sources */,
			);
			runOnlyForDeploymentPostprocessing = 0;
		};
/* End PBXSourcesBuildPhase section */

/* Begin PBXVariantGroup section */
		556D5B611CF98BD400893EDB /* Main.storyboard */ = {
			isa = PBXVariantGroup;
			children = (
				556D5B621CF98BD400893EDB /* Base */,
			);
			name = Main.storyboard;
			sourceTree = "<group>";
		};
		556D5B661CF98BD400893EDB /* LaunchScreen.storyboard */ = {
			isa = PBXVariantGroup;
			children = (
				556D5B671CF98BD400893EDB /* Base */,
			);
			name = LaunchScreen.storyboard;
			sourceTree = "<group>";
		};
/* End PBXVariantGroup section */

/* Begin XCBuildConfiguration section */
		556D5B6A1CF98BD400893EDB /* Debug */ = {
			isa = XCBuildConfiguration;
			buildSettings = {
				ALWAYS_SEARCH_USER_PATHS = NO;
				CLANG_ANALYZER_NONNULL = YES;
				CLANG_CXX_LANGUAGE_STANDARD = "gnu++0x";
				CLANG_CXX_LIBRARY = "libc++";
				CLANG_ENABLE_MODULES = YES;
				CLANG_ENABLE_OBJC_ARC = YES;
				CLANG_WARN_BOOL_CONVERSION = YES;
				CLANG_WARN_CONSTANT_CONVERSION = YES;
				CLANG_WARN_DIRECT_OBJC_ISA_USAGE = YES_ERROR;
				CLANG_WARN_EMPTY_BODY = YES;
				CLANG_WARN_ENUM_CONVERSION = YES;
				CLANG_WARN_INT_CONVERSION = YES;
				CLANG_WARN_OBJC_ROOT_CLASS = YES_ERROR;
				CLANG_WARN_UNREACHABLE_CODE = YES;
				CLANG_WARN__DUPLICATE_METHOD_MATCH = YES;
				"CODE_SIGN_IDENTITY[sdk=iphoneos*]" = "iPhone Developer";
				COPY_PHASE_STRIP = NO;
				DEBUG_INFORMATION_FORMAT = dwarf;
				ENABLE_STRICT_OBJC_MSGSEND = YES;
				ENABLE_TESTABILITY = YES;
				GCC_C_LANGUAGE_STANDARD = gnu99;
				GCC_DYNAMIC_NO_PIC = NO;
				GCC_NO_COMMON_BLOCKS = YES;
				GCC_OPTIMIZATION_LEVEL = 0;
				GCC_PREPROCESSOR_DEFINITIONS = (
					"DEBUG=1",
					"$(inherited)",
				);
				GCC_WARN_64_TO_32_BIT_CONVERSION = YES;
				GCC_WARN_ABOUT_RETURN_TYPE = YES_ERROR;
				GCC_WARN_UNDECLARED_SELECTOR = YES;
				GCC_WARN_UNINITIALIZED_AUTOS = YES_AGGRESSIVE;
				GCC_WARN_UNUSED_FUNCTION = YES;
				GCC_WARN_UNUSED_VARIABLE = YES;
				IPHONEOS_DEPLOYMENT_TARGET = 9.3;
				MTL_ENABLE_DEBUG_INFO = YES;
				ONLY_ACTIVE_ARCH = YES;
				SDKROOT = iphoneos;
				SWIFT_OPTIMIZATION_LEVEL = "-Onone";
			};
			name = Debug;
		};
		556D5B6B1CF98BD400893EDB /* Release */ = {
			isa = XCBuildConfiguration;
			buildSettings = {
				ALWAYS_SEARCH_USER_PATHS = NO;
				CLANG_ANALYZER_NONNULL = YES;
				CLANG_CXX_LANGUAGE_STANDARD = "gnu++0x";
				CLANG_CXX_LIBRARY = "libc++";
				CLANG_ENABLE_MODULES = YES;
				CLANG_ENABLE_OBJC_ARC = YES;
				CLANG_WARN_BOOL_CONVERSION = YES;
				CLANG_WARN_CONSTANT_CONVERSION = YES;
				CLANG_WARN_DIRECT_OBJC_ISA_USAGE = YES_ERROR;
				CLANG_WARN_EMPTY_BODY = YES;
				CLANG_WARN_ENUM_CONVERSION = YES;
				CLANG_WARN_INT_CONVERSION = YES;
				CLANG_WARN_OBJC_ROOT_CLASS = YES_ERROR;
				CLANG_WARN_UNREACHABLE_CODE = YES;
				CLANG_WARN__DUPLICATE_METHOD_MATCH = YES;
				"CODE_SIGN_IDENTITY[sdk=iphoneos*]" = "iPhone Developer";
				COPY_PHASE_STRIP = NO;
				DEBUG_INFORMATION_FORMAT = "dwarf-with-dsym";
				ENABLE_NS_ASSERTIONS = NO;
				ENABLE_STRICT_OBJC_MSGSEND = YES;
				GCC_C_LANGUAGE_STANDARD = gnu99;
				GCC_NO_COMMON_BLOCKS = YES;
				GCC_WARN_64_TO_32_BIT_CONVERSION = YES;
				GCC_WARN_ABOUT_RETURN_TYPE = YES_ERROR;
				GCC_WARN_UNDECLARED_SELECTOR = YES;
				GCC_WARN_UNINITIALIZED_AUTOS = YES_AGGRESSIVE;
				GCC_WARN_UNUSED_FUNCTION = YES;
				GCC_WARN_UNUSED_VARIABLE = YES;
				IPHONEOS_DEPLOYMENT_TARGET = 9.3;
				MTL_ENABLE_DEBUG_INFO = NO;
				SDKROOT = iphoneos;
				VALIDATE_PRODUCT = YES;
			};
			name = Release;
		};
		556D5B6D1CF98BD400893EDB /* Debug */ = {
			isa = XCBuildConfiguration;
			buildSettings = {
				ASSETCATALOG_COMPILER_APPICON_NAME = AppIcon;
				CODE_SIGN_IDENTITY = "iPhone Developer";
				"CODE_SIGN_IDENTITY[sdk=iphoneos*]" = "iPhone Developer";
				INFOPLIST_FILE = SuperCool2/Info.plist;
				LD_RUNPATH_SEARCH_PATHS = "$(inherited) @executable_path/Frameworks";
				PRODUCT_BUNDLE_IDENTIFIER = com.sarkarian.SuperCool2;
				PRODUCT_NAME = "$(TARGET_NAME)";
				PROVISIONING_PROFILE = "";
			};
			name = Debug;
		};
		556D5B6E1CF98BD400893EDB /* Release */ = {
			isa = XCBuildConfiguration;
			buildSettings = {
				ASSETCATALOG_COMPILER_APPICON_NAME = AppIcon;
				CODE_SIGN_IDENTITY = "iPhone Developer";
				"CODE_SIGN_IDENTITY[sdk=iphoneos*]" = "iPhone Developer";
				INFOPLIST_FILE = SuperCool2/Info.plist;
				LD_RUNPATH_SEARCH_PATHS = "$(inherited) @executable_path/Frameworks";
				PRODUCT_BUNDLE_IDENTIFIER = com.sarkarian.SuperCool2;
				PRODUCT_NAME = "$(TARGET_NAME)";
				PROVISIONING_PROFILE = "";
			};
			name = Release;
		};
/* End XCBuildConfiguration section */

/* Begin XCConfigurationList section */
		556D5B551CF98BD300893EDB /* Build configuration list for PBXProject "SuperCool2" */ = {
			isa = XCConfigurationList;
			buildConfigurations = (
				556D5B6A1CF98BD400893EDB /* Debug */,
				556D5B6B1CF98BD400893EDB /* Release */,
			);
			defaultConfigurationIsVisible = 0;
			defaultConfigurationName = Release;
		};
		556D5B6C1CF98BD400893EDB /* Build configuration list for PBXNativeTarget "SuperCool2" */ = {
			isa = XCConfigurationList;
			buildConfigurations = (
				556D5B6D1CF98BD400893EDB /* Debug */,
				556D5B6E1CF98BD400893EDB /* Release */,
			);
			defaultConfigurationIsVisible = 0;
		};
/* End XCConfigurationList section */
	};
	rootObject = 556D5B521CF98BD300893EDB /* Project object */;
}
